
Microsoft Visual Studio Solution File, Format Version 12.00
# Visual Studio Version 16
VisualStudioVersion = 16.0.34301.259
MinimumVisualStudioVersion = 10.0.40219.1
Project("{FAE04EC0-301F-11D3-BF4B-00C04F79EFBC}") = "Shop_KT5", "Shop_KT5\Shop_KT5.csproj", "{0B633BE6-BBC8-47F3-974C-C1B9063E43AB}"
EndProject
Global
	GlobalSection(SolutionConfigurationPlatforms) = preSolution
		Debug|Any CPU = Debug|Any CPU
		Release|Any CPU = Release|Any CPU
	EndGlobalSection
	GlobalSection(ProjectConfigurationPlatforms) = postSolution
		{0B633BE6-BBC8-47F3-974C-C1B9063E43AB}.Debug|Any CPU.ActiveCfg = Debug|Any CPU
		{0B633BE6-BBC8-47F3-974C-C1B9063E43AB}.Debug|Any CPU.Build.0 = Debug|Any CPU
		{0B633BE6-BBC8-47F3-974C-C1B9063E43AB}.Release|Any CPU.ActiveCfg = Release|Any CPU
		{0B633BE6-BBC8-47F3-974C-C1B9063E43AB}.Release|Any CPU.Build.0 = Release|Any CPU
	EndGlobalSection
	GlobalSection(SolutionProperties) = preSolution
		HideSolutionNode = FALSE
	EndGlobalSection
	GlobalSection(ExtensibilityGlobals) = postSolution
		SolutionGuid = {635EA4E0-613A-422E-913A-32AD111B973B}
	EndGlobalSection
EndGlobal
